
Microsoft Visual Studio Solution File, Format Version 12.00
# Visual Studio 2013
VisualStudioVersion = 12.0.30723.0
MinimumVisualStudioVersion = 10.0.40219.1
Project("{FAE04EC0-301F-11D3-BF4B-00C04F79EFBC}") = "FarmApp.Web", "FarmApp.Web\FarmApp.Web.csproj", "{B581143F-6960-4A36-8850-7B7529438854}"
EndProject
Project("{FAE04EC0-301F-11D3-BF4B-00C04F79EFBC}") = "FarmApp.Web.Temp", "FarmApp.Web.Temp\FarmApp.Web.Temp.csproj", "{923D523D-5B30-4E5B-A0AF-80134E7C3236}"
EndProject
Global
	GlobalSection(SolutionConfigurationPlatforms) = preSolution
		Debug|Any CPU = Debug|Any CPU
		Release|Any CPU = Release|Any CPU
	EndGlobalSection
	GlobalSection(ProjectConfigurationPlatforms) = postSolution
		{B581143F-6960-4A36-8850-7B7529438854}.Debug|Any CPU.ActiveCfg = Debug|Any CPU
		{B581143F-6960-4A36-8850-7B7529438854}.Debug|Any CPU.Build.0 = Debug|Any CPU
		{B581143F-6960-4A36-8850-7B7529438854}.Release|Any CPU.ActiveCfg = Release|Any CPU
		{B581143F-6960-4A36-8850-7B7529438854}.Release|Any CPU.Build.0 = Release|Any CPU
		{923D523D-5B30-4E5B-A0AF-80134E7C3236}.Debug|Any CPU.ActiveCfg = Debug|Any CPU
		{923D523D-5B30-4E5B-A0AF-80134E7C3236}.Debug|Any CPU.Build.0 = Debug|Any CPU
		{923D523D-5B30-4E5B-A0AF-80134E7C3236}.Release|Any CPU.ActiveCfg = Release|Any CPU
		{923D523D-5B30-4E5B-A0AF-80134E7C3236}.Release|Any CPU.Build.0 = Release|Any CPU
	EndGlobalSection
	GlobalSection(SolutionProperties) = preSolution
		HideSolutionNode = FALSE
	EndGlobalSection
EndGlobal
